
Microsoft Visual Studio Solution File, Format Version 12.00
# Visual Studio Version 16
VisualStudioVersion = 16.0.29230.47
MinimumVisualStudioVersion = 10.0.40219.1
Project("{8BC9CEB8-8B4A-11D0-8D11-00A0C91BC942}") = "RealFinalProject", "RealFinalProject\RealFinalProject.vcxproj", "{CEE40779-64A1-4FB4-A256-48FA2B1CBB0B}"
EndProject
Global
	GlobalSection(SolutionConfigurationPlatforms) = preSolution
		Debug|x64 = Debug|x64
		Debug|x86 = Debug|x86
		Release|x64 = Release|x64
		Release|x86 = Release|x86
	EndGlobalSection
	GlobalSection(ProjectConfigurationPlatforms) = postSolution
		{CEE40779-64A1-4FB4-A256-48FA2B1CBB0B}.Debug|x64.ActiveCfg = Debug|x64
		{CEE40779-64A1-4FB4-A256-48FA2B1CBB0B}.Debug|x64.Build.0 = Debug|x64
		{CEE40779-64A1-4FB4-A256-48FA2B1CBB0B}.Debug|x86.ActiveCfg = Debug|Win32
		{CEE40779-64A1-4FB4-A256-48FA2B1CBB0B}.Debug|x86.Build.0 = Debug|Win32
		{CEE40779-64A1-4FB4-A256-48FA2B1CBB0B}.Release|x64.ActiveCfg = Release|x64
		{CEE40779-64A1-4FB4-A256-48FA2B1CBB0B}.Release|x64.Build.0 = Release|x64
		{CEE40779-64A1-4FB4-A256-48FA2B1CBB0B}.Release|x86.ActiveCfg = Release|Win32
		{CEE40779-64A1-4FB4-A256-48FA2B1CBB0B}.Release|x86.Build.0 = Release|Win32
	EndGlobalSection
	GlobalSection(SolutionProperties) = preSolution
		HideSolutionNode = FALSE
	EndGlobalSection
	GlobalSection(ExtensibilityGlobals) = postSolution
		SolutionGuid = {B115E274-0F18-4161-8A4A-06010B9C0944}
	EndGlobalSection
EndGlobal
